// !$*UTF8*$!
{
	archiveVersion = 1;
	classes = {
	};
	objectVersion = 56;
	objects = {

/* Begin PBXBuildFile section */
		3147429A2A52368C00E0637A /* Pulse in Frameworks */ = {isa = PBXBuildFile; productRef = 314742992A52368C00E0637A /* Pulse */; };
		3147429C2A52368C00E0637A /* PulseUI in Frameworks */ = {isa = PBXBuildFile; productRef = 3147429B2A52368C00E0637A /* PulseUI */; };
		3147429F2A524D2900E0637A /* PulseLogHandler in Frameworks */ = {isa = PBXBuildFile; productRef = 3147429E2A524D2900E0637A /* PulseLogHandler */; };
		315AD3BD2A50EC0300801EBB /* App.swift in Sources */ = {isa = PBXBuildFile; fileRef = 315AD3BC2A50EC0300801EBB /* App.swift */; };
		315AD3BF2A50EC0300801EBB /* ExampleView.swift in Sources */ = {isa = PBXBuildFile; fileRef = 315AD3BE2A50EC0300801EBB /* ExampleView.swift */; };
		315AD3C12A50EC0400801EBB /* Assets.xcassets in Resources */ = {isa = PBXBuildFile; fileRef = 315AD3C02A50EC0400801EBB /* Assets.xcassets */; };
		315AD3CC2A50ED6D00801EBB /* GoogleDriveClient in Frameworks */ = {isa = PBXBuildFile; productRef = 315AD3CB2A50ED6D00801EBB /* GoogleDriveClient */; };
		31C619A32A545B5B00735DFD /* Dependencies.swift in Sources */ = {isa = PBXBuildFile; fileRef = 31C619A22A545B5B00735DFD /* Dependencies.swift */; };
		31C619A62A545EB600735DFD /* Dependencies in Frameworks */ = {isa = PBXBuildFile; productRef = 31C619A52A545EB600735DFD /* Dependencies */; };
/* End PBXBuildFile section */

/* Begin PBXFileReference section */
		3139E73E2A51F42A00A8C988 /* Info.plist */ = {isa = PBXFileReference; lastKnownFileType = text.plist; path = Info.plist; sourceTree = "<group>"; };
		315AD3B92A50EC0300801EBB /* GoogleDriveClientExampleApp.app */ = {isa = PBXFileReference; explicitFileType = wrapper.application; includeInIndex = 0; path = GoogleDriveClientExampleApp.app; sourceTree = BUILT_PRODUCTS_DIR; };
		315AD3BC2A50EC0300801EBB /* App.swift */ = {isa = PBXFileReference; lastKnownFileType = sourcecode.swift; path = App.swift; sourceTree = "<group>"; };
		315AD3BE2A50EC0300801EBB /* ExampleView.swift */ = {isa = PBXFileReference; lastKnownFileType = sourcecode.swift; path = ExampleView.swift; sourceTree = "<group>"; };
		315AD3C02A50EC0400801EBB /* Assets.xcassets */ = {isa = PBXFileReference; lastKnownFileType = folder.assetcatalog; path = Assets.xcassets; sourceTree = "<group>"; };
		31C619A22A545B5B00735DFD /* Dependencies.swift */ = {isa = PBXFileReference; lastKnownFileType = sourcecode.swift; path = Dependencies.swift; sourceTree = "<group>"; };
/* End PBXFileReference section */

/* Begin PBXFrameworksBuildPhase section */
		315AD3B62A50EC0300801EBB /* Frameworks */ = {
			isa = PBXFrameworksBuildPhase;
			buildActionMask = 2147483647;
			files = (
				31C619A62A545EB600735DFD /* Dependencies in Frameworks */,
				3147429F2A524D2900E0637A /* PulseLogHandler in Frameworks */,
				3147429C2A52368C00E0637A /* PulseUI in Frameworks */,
				3147429A2A52368C00E0637A /* Pulse in Frameworks */,
				315AD3CC2A50ED6D00801EBB /* GoogleDriveClient in Frameworks */,
			);
			runOnlyForDeploymentPostprocessing = 0;
		};
/* End PBXFrameworksBuildPhase section */

/* Begin PBXGroup section */
		315AD3B02A50EC0300801EBB = {
			isa = PBXGroup;
			children = (
				315AD3BB2A50EC0300801EBB /* GoogleDriveClientExampleApp */,
				315AD3BA2A50EC0300801EBB /* Products */,
			);
			sourceTree = "<group>";
		};
		315AD3BA2A50EC0300801EBB /* Products */ = {
			isa = PBXGroup;
			children = (
				315AD3B92A50EC0300801EBB /* GoogleDriveClientExampleApp.app */,
			);
			name = Products;
			sourceTree = "<group>";
		};
		315AD3BB2A50EC0300801EBB /* GoogleDriveClientExampleApp */ = {
			isa = PBXGroup;
			children = (
				315AD3BC2A50EC0300801EBB /* App.swift */,
				315AD3BE2A50EC0300801EBB /* ExampleView.swift */,
				31C619A22A545B5B00735DFD /* Dependencies.swift */,
				3139E73E2A51F42A00A8C988 /* Info.plist */,
				315AD3C02A50EC0400801EBB /* Assets.xcassets */,
			);
			path = GoogleDriveClientExampleApp;
			sourceTree = "<group>";
		};
/* End PBXGroup section */

/* Begin PBXNativeTarget section */
		315AD3B82A50EC0300801EBB /* GoogleDriveClientExampleApp */ = {
			isa = PBXNativeTarget;
			buildConfigurationList = 315AD3C72A50EC0400801EBB /* Build configuration list for PBXNativeTarget "GoogleDriveClientExampleApp" */;
			buildPhases = (
				315AD3B52A50EC0300801EBB /* Sources */,
				315AD3B62A50EC0300801EBB /* Frameworks */,
				315AD3B72A50EC0300801EBB /* Resources */,
			);
			buildRules = (
			);
			dependencies = (
			);
			name = GoogleDriveClientExampleApp;
			packageProductDependencies = (
				315AD3CB2A50ED6D00801EBB /* GoogleDriveClient */,
				314742992A52368C00E0637A /* Pulse */,
				3147429B2A52368C00E0637A /* PulseUI */,
				3147429E2A524D2900E0637A /* PulseLogHandler */,
				31C619A52A545EB600735DFD /* Dependencies */,
			);
			productName = GoogleDriveClientExampleApp;
			productReference = 315AD3B92A50EC0300801EBB /* GoogleDriveClientExampleApp.app */;
			productType = "com.apple.product-type.application";
		};
/* End PBXNativeTarget section */

/* Begin PBXProject section */
		315AD3B12A50EC0300801EBB /* Project object */ = {
			isa = PBXProject;
			attributes = {
				BuildIndependentTargetsInParallel = 1;
				LastSwiftUpdateCheck = 1430;
				LastUpgradeCheck = 1510;
				TargetAttributes = {
					315AD3B82A50EC0300801EBB = {
						CreatedOnToolsVersion = 14.3.1;
					};
				};
			};
			buildConfigurationList = 315AD3B42A50EC0300801EBB /* Build configuration list for PBXProject "Example" */;
			compatibilityVersion = "Xcode 14.0";
			developmentRegion = en;
			hasScannedForEncodings = 0;
			knownRegions = (
				en,
				Base,
			);
			mainGroup = 315AD3B02A50EC0300801EBB;
			packageReferences = (
				314742982A52368C00E0637A /* XCRemoteSwiftPackageReference "Pulse" */,
				3147429D2A524D2900E0637A /* XCRemoteSwiftPackageReference "PulseLogHandler" */,
				31C619A42A545EB600735DFD /* XCRemoteSwiftPackageReference "swift-dependencies" */,
			);
			productRefGroup = 315AD3BA2A50EC0300801EBB /* Products */;
			projectDirPath = "";
			projectRoot = "";
			targets = (
				315AD3B82A50EC0300801EBB /* GoogleDriveClientExampleApp */,
			);
		};
/* End PBXProject section */

/* Begin PBXResourcesBuildPhase section */
		315AD3B72A50EC0300801EBB /* Resources */ = {
			isa = PBXResourcesBuildPhase;
			buildActionMask = 2147483647;
			files = (
				315AD3C12A50EC0400801EBB /* Assets.xcassets in Resources */,
			);
			runOnlyForDeploymentPostprocessing = 0;
		};
/* End PBXResourcesBuildPhase section */

/* Begin PBXSourcesBuildPhase section */
		315AD3B52A50EC0300801EBB /* Sources */ = {
			isa = PBXSourcesBuildPhase;
			buildActionMask = 2147483647;
			files = (
				315AD3BF2A50EC0300801EBB /* ExampleView.swift in Sources */,
				31C619A32A545B5B00735DFD /* Dependencies.swift in Sources */,
				315AD3BD2A50EC0300801EBB /* App.swift in Sources */,
			);
			runOnlyForDeploymentPostprocessing = 0;
		};
/* End PBXSourcesBuildPhase section */

/* Begin XCBuildConfiguration section */
		315AD3C52A50EC0400801EBB /* Debug */ = {
			isa = XCBuildConfiguration;
			buildSettings = {
				ALWAYS_SEARCH_USER_PATHS = NO;
				ASSETCATALOG_COMPILER_GENERATE_SWIFT_ASSET_SYMBOL_EXTENSIONS = YES;
				CLANG_ANALYZER_NONNULL = YES;
				CLANG_ANALYZER_NUMBER_OBJECT_CONVERSION = YES_AGGRESSIVE;
				CLANG_CXX_LANGUAGE_STANDARD = "gnu++20";
				CLANG_ENABLE_MODULES = YES;
				CLANG_ENABLE_OBJC_ARC = YES;
				CLANG_ENABLE_OBJC_WEAK = YES;
				CLANG_WARN_BLOCK_CAPTURE_AUTORELEASING = YES;
				CLANG_WARN_BOOL_CONVERSION = YES;
				CLANG_WARN_COMMA = YES;
				CLANG_WARN_CONSTANT_CONVERSION = YES;
				CLANG_WARN_DEPRECATED_OBJC_IMPLEMENTATIONS = YES;
				CLANG_WARN_DIRECT_OBJC_ISA_USAGE = YES_ERROR;
				CLANG_WARN_DOCUMENTATION_COMMENTS = YES;
				CLANG_WARN_EMPTY_BODY = YES;
				CLANG_WARN_ENUM_CONVERSION = YES;
				CLANG_WARN_INFINITE_RECURSION = YES;
				CLANG_WARN_INT_CONVERSION = YES;
				CLANG_WARN_NON_LITERAL_NULL_CONVERSION = YES;
				CLANG_WARN_OBJC_IMPLICIT_RETAIN_SELF = YES;
				CLANG_WARN_OBJC_LITERAL_CONVERSION = YES;
				CLANG_WARN_OBJC_ROOT_CLASS = YES_ERROR;
				CLANG_WARN_QUOTED_INCLUDE_IN_FRAMEWORK_HEADER = YES;
				CLANG_WARN_RANGE_LOOP_ANALYSIS = YES;
				CLANG_WARN_STRICT_PROTOTYPES = YES;
				CLANG_WARN_SUSPICIOUS_MOVE = YES;
				CLANG_WARN_UNGUARDED_AVAILABILITY = YES_AGGRESSIVE;
				CLANG_WARN_UNREACHABLE_CODE = YES;
				CLANG_WARN__DUPLICATE_METHOD_MATCH = YES;
				COPY_PHASE_STRIP = NO;
				DEBUG_INFORMATION_FORMAT = dwarf;
				ENABLE_STRICT_OBJC_MSGSEND = YES;
				ENABLE_TESTABILITY = YES;
				ENABLE_USER_SCRIPT_SANDBOXING = YES;
				GCC_C_LANGUAGE_STANDARD = gnu11;
				GCC_DYNAMIC_NO_PIC = NO;
				GCC_NO_COMMON_BLOCKS = YES;
				GCC_OPTIMIZATION_LEVEL = 0;
				GCC_PREPROCESSOR_DEFINITIONS = (
					"DEBUG=1",
					"$(inherited)",
				);
				GCC_WARN_64_TO_32_BIT_CONVERSION = YES;
				GCC_WARN_ABOUT_RETURN_TYPE = YES_ERROR;
				GCC_WARN_UNDECLARED_SELECTOR = YES;
				GCC_WARN_UNINITIALIZED_AUTOS = YES_AGGRESSIVE;
				GCC_WARN_UNUSED_FUNCTION = YES;
				GCC_WARN_UNUSED_VARIABLE = YES;
				IPHONEOS_DEPLOYMENT_TARGET = 16.4;
				MTL_ENABLE_DEBUG_INFO = INCLUDE_SOURCE;
				MTL_FAST_MATH = YES;
				ONLY_ACTIVE_ARCH = YES;
				SDKROOT = iphoneos;
				SWIFT_ACTIVE_COMPILATION_CONDITIONS = DEBUG;
				SWIFT_OPTIMIZATION_LEVEL = "-Onone";
			};
			name = Debug;
		};
		315AD3C62A50EC0400801EBB /* Release */ = {
			isa = XCBuildConfiguration;
			buildSettings = {
				ALWAYS_SEARCH_USER_PATHS = NO;
				ASSETCATALOG_COMPILER_GENERATE_SWIFT_ASSET_SYMBOL_EXTENSIONS = YES;
				CLANG_ANALYZER_NONNULL = YES;
				CLANG_ANALYZER_NUMBER_OBJECT_CONVERSION = YES_AGGRESSIVE;
				CLANG_CXX_LANGUAGE_STANDARD = "gnu++20";
				CLANG_ENABLE_MODULES = YES;
				CLANG_ENABLE_OBJC_ARC = YES;
				CLANG_ENABLE_OBJC_WEAK = YES;
				CLANG_WARN_BLOCK_CAPTURE_AUTORELEASING = YES;
				CLANG_WARN_BOOL_CONVERSION = YES;
				CLANG_WARN_COMMA = YES;
				CLANG_WARN_CONSTANT_CONVERSION = YES;
				CLANG_WARN_DEPRECATED_OBJC_IMPLEMENTATIONS = YES;
				CLANG_WARN_DIRECT_OBJC_ISA_USAGE = YES_ERROR;
				CLANG_WARN_DOCUMENTATION_COMMENTS = YES;
				CLANG_WARN_EMPTY_BODY = YES;
				CLANG_WARN_ENUM_CONVERSION = YES;
				CLANG_WARN_INFINITE_RECURSION = YES;
				CLANG_WARN_INT_CONVERSION = YES;
				CLANG_WARN_NON_LITERAL_NULL_CONVERSION = YES;
				CLANG_WARN_OBJC_IMPLICIT_RETAIN_SELF = YES;
				CLANG_WARN_OBJC_LITERAL_CONVERSION = YES;
				CLANG_WARN_OBJC_ROOT_CLASS = YES_ERROR;
				CLANG_WARN_QUOTED_INCLUDE_IN_FRAMEWORK_HEADER = YES;
				CLANG_WARN_RANGE_LOOP_ANALYSIS = YES;
				CLANG_WARN_STRICT_PROTOTYPES = YES;
				CLANG_WARN_SUSPICIOUS_MOVE = YES;
				CLANG_WARN_UNGUARDED_AVAILABILITY = YES_AGGRESSIVE;
				CLANG_WARN_UNREACHABLE_CODE = YES;
				CLANG_WARN__DUPLICATE_METHOD_MATCH = YES;
				COPY_PHASE_STRIP = NO;
				DEBUG_INFORMATION_FORMAT = "dwarf-with-dsym";
				ENABLE_NS_ASSERTIONS = NO;
				ENABLE_STRICT_OBJC_MSGSEND = YES;
				ENABLE_USER_SCRIPT_SANDBOXING = YES;
				GCC_C_LANGUAGE_STANDARD = gnu11;
				GCC_NO_COMMON_BLOCKS = YES;
				GCC_WARN_64_TO_32_BIT_CONVERSION = YES;
				GCC_WARN_ABOUT_RETURN_TYPE = YES_ERROR;
				GCC_WARN_UNDECLARED_SELECTOR = YES;
				GCC_WARN_UNINITIALIZED_AUTOS = YES_AGGRESSIVE;
				GCC_WARN_UNUSED_FUNCTION = YES;
				GCC_WARN_UNUSED_VARIABLE = YES;
				IPHONEOS_DEPLOYMENT_TARGET = 16.4;
				MTL_ENABLE_DEBUG_INFO = NO;
				MTL_FAST_MATH = YES;
				SDKROOT = iphoneos;
				SWIFT_COMPILATION_MODE = wholemodule;
				SWIFT_OPTIMIZATION_LEVEL = "-O";
				VALIDATE_PRODUCT = YES;
			};
			name = Release;
		};
		315AD3C82A50EC0400801EBB /* Debug */ = {
			isa = XCBuildConfiguration;
			buildSettings = {
				ASSETCATALOG_COMPILER_APPICON_NAME = AppIcon;
				ASSETCATALOG_COMPILER_GLOBAL_ACCENT_COLOR_NAME = AccentColor;
				CODE_SIGN_STYLE = Automatic;
				CURRENT_PROJECT_VERSION = 0;
				ENABLE_PREVIEWS = YES;
				GENERATE_INFOPLIST_FILE = YES;
				INFOPLIST_FILE = GoogleDriveClientExampleApp/Info.plist;
				INFOPLIST_KEY_UIApplicationSceneManifest_Generation = YES;
				INFOPLIST_KEY_UIApplicationSupportsIndirectInputEvents = YES;
				INFOPLIST_KEY_UILaunchScreen_Generation = YES;
				INFOPLIST_KEY_UISupportedInterfaceOrientations_iPad = "UIInterfaceOrientationPortrait UIInterfaceOrientationPortraitUpsideDown UIInterfaceOrientationLandscapeLeft UIInterfaceOrientationLandscapeRight";
				INFOPLIST_KEY_UISupportedInterfaceOrientations_iPhone = "UIInterfaceOrientationPortrait UIInterfaceOrientationLandscapeLeft UIInterfaceOrientationLandscapeRight";
				LD_RUNPATH_SEARCH_PATHS = (
					"$(inherited)",
					"@executable_path/Frameworks",
				);
				MARKETING_VERSION = 1.0.0;
				PRODUCT_BUNDLE_IDENTIFIER = pl.darrarski.GoogleDriveClientExampleApp;
				PRODUCT_NAME = "$(TARGET_NAME)";
				SWIFT_EMIT_LOC_STRINGS = YES;
				SWIFT_VERSION = 5.0;
				TARGETED_DEVICE_FAMILY = "1,2";
			};
			name = Debug;
		};
		315AD3C92A50EC0400801EBB /* Release */ = {
			isa = XCBuildConfiguration;
			buildSettings = {
				ASSETCATALOG_COMPILER_APPICON_NAME = AppIcon;
				ASSETCATALOG_COMPILER_GLOBAL_ACCENT_COLOR_NAME = AccentColor;
				CODE_SIGN_STYLE = Automatic;
				CURRENT_PROJECT_VERSION = 0;
				ENABLE_PREVIEWS = YES;
				GENERATE_INFOPLIST_FILE = YES;
				INFOPLIST_FILE = GoogleDriveClientExampleApp/Info.plist;
				INFOPLIST_KEY_UIApplicationSceneManifest_Generation = YES;
				INFOPLIST_KEY_UIApplicationSupportsIndirectInputEvents = YES;
				INFOPLIST_KEY_UILaunchScreen_Generation = YES;
				INFOPLIST_KEY_UISupportedInterfaceOrientations_iPad = "UIInterfaceOrientationPortrait UIInterfaceOrientationPortraitUpsideDown UIInterfaceOrientationLandscapeLeft UIInterfaceOrientationLandscapeRight";
				INFOPLIST_KEY_UISupportedInterfaceOrientations_iPhone = "UIInterfaceOrientationPortrait UIInterfaceOrientationLandscapeLeft UIInterfaceOrientationLandscapeRight";
				LD_RUNPATH_SEARCH_PATHS = (
					"$(inherited)",
					"@executable_path/Frameworks",
				);
				MARKETING_VERSION = 1.0.0;
				PRODUCT_BUNDLE_IDENTIFIER = pl.darrarski.GoogleDriveClientExampleApp;
				PRODUCT_NAME = "$(TARGET_NAME)";
				SWIFT_EMIT_LOC_STRINGS = YES;
				SWIFT_VERSION = 5.0;
				TARGETED_DEVICE_FAMILY = "1,2";
			};
			name = Release;
		};
/* End XCBuildConfiguration section */

/* Begin XCConfigurationList section */
		315AD3B42A50EC0300801EBB /* Build configuration list for PBXProject "Example" */ = {
			isa = XCConfigurationList;
			buildConfigurations = (
				315AD3C52A50EC0400801EBB /* Debug */,
				315AD3C62A50EC0400801EBB /* Release */,
			);
			defaultConfigurationIsVisible = 0;
			defaultConfigurationName = Release;
		};
		315AD3C72A50EC0400801EBB /* Build configuration list for PBXNativeTarget "GoogleDriveClientExampleApp" */ = {
			isa = XCConfigurationList;
			buildConfigurations = (
				315AD3C82A50EC0400801EBB /* Debug */,
				315AD3C92A50EC0400801EBB /* Release */,
			);
			defaultConfigurationIsVisible = 0;
			defaultConfigurationName = Release;
		};
/* End XCConfigurationList section */

/* Begin XCRemoteSwiftPackageReference section */
		314742982A52368C00E0637A /* XCRemoteSwiftPackageReference "Pulse" */ = {
			isa = XCRemoteSwiftPackageReference;
			repositoryURL = "https://github.com/kean/Pulse.git";
			requirement = {
				kind = upToNextMajorVersion;
				minimumVersion = 3.7.3;
			};
		};
		3147429D2A524D2900E0637A /* XCRemoteSwiftPackageReference "PulseLogHandler" */ = {
			isa = XCRemoteSwiftPackageReference;
			repositoryURL = "https://github.com/kean/PulseLogHandler.git";
			requirement = {
				kind = upToNextMajorVersion;
				minimumVersion = 3.2.0;
			};
		};
		31C619A42A545EB600735DFD /* XCRemoteSwiftPackageReference "swift-dependencies" */ = {
			isa = XCRemoteSwiftPackageReference;
			repositoryURL = "https://github.com/pointfreeco/swift-dependencies.git";
			requirement = {
				kind = upToNextMajorVersion;
				minimumVersion = 0.5.1;
			};
		};
/* End XCRemoteSwiftPackageReference section */

/* Begin XCSwiftPackageProductDependency section */
		314742992A52368C00E0637A /* Pulse */ = {
			isa = XCSwiftPackageProductDependency;
			package = 314742982A52368C00E0637A /* XCRemoteSwiftPackageReference "Pulse" */;
			productName = Pulse;
		};
		3147429B2A52368C00E0637A /* PulseUI */ = {
			isa = XCSwiftPackageProductDependency;
			package = 314742982A52368C00E0637A /* XCRemoteSwiftPackageReference "Pulse" */;
			productName = PulseUI;
		};
		3147429E2A524D2900E0637A /* PulseLogHandler */ = {
			isa = XCSwiftPackageProductDependency;
			package = 3147429D2A524D2900E0637A /* XCRemoteSwiftPackageReference "PulseLogHandler" */;
			productName = PulseLogHandler;
		};
		315AD3CB2A50ED6D00801EBB /* GoogleDriveClient */ = {
			isa = XCSwiftPackageProductDependency;
			productName = GoogleDriveClient;
		};
		31C619A52A545EB600735DFD /* Dependencies */ = {
			isa = XCSwiftPackageProductDependency;
			package = 31C619A42A545EB600735DFD /* XCRemoteSwiftPackageReference "swift-dependencies" */;
			productName = Dependencies;
		};
/* End XCSwiftPackageProductDependency section */
	};
	rootObject = 315AD3B12A50EC0300801EBB /* Project object */;
}
